
Microsoft Visual Studio Solution File, Format Version 12.00
# Visual Studio 15
VisualStudioVersion = 15.0.27004.2005
MinimumVisualStudioVersion = 10.0.40219.1
Project("{9A19103F-16F7-4668-BE54-9A1E7A4F7556}") = "Pattern01.Singletone", "Pattern01.Singletone\Pattern01.Singletone.csproj", "{D84314FE-F17E-431B-A665-C42EFF62A913}"
EndProject
Project("{FAE04EC0-301F-11D3-BF4B-00C04F79EFBC}") = "Pattern02.Factories", "Pattern02.Factories\Pattern02.Factories.csproj", "{9AD47744-B476-4036-91BD-7ADD3DE7EFD9}"
EndProject
Project("{FAE04EC0-301F-11D3-BF4B-00C04F79EFBC}") = "Pattern03.Builder", "Pattern03.Builder\Pattern03.Builder.csproj", "{3E54C34C-A950-4741-B45E-1C8E5A1F1968}"
EndProject
Project("{FAE04EC0-301F-11D3-BF4B-00C04F79EFBC}") = "Pattern04.Prototype", "Pattern04.Prototype\Pattern04.Prototype.csproj", "{737DE645-1D51-4732-B02F-A9E4569B517A}"
EndProject
Global
	GlobalSection(SolutionConfigurationPlatforms) = preSolution
		Debug|Any CPU = Debug|Any CPU
		Release|Any CPU = Release|Any CPU
	EndGlobalSection
	GlobalSection(ProjectConfigurationPlatforms) = postSolution
		{D84314FE-F17E-431B-A665-C42EFF62A913}.Debug|Any CPU.ActiveCfg = Debug|Any CPU
		{D84314FE-F17E-431B-A665-C42EFF62A913}.Debug|Any CPU.Build.0 = Debug|Any CPU
		{D84314FE-F17E-431B-A665-C42EFF62A913}.Release|Any CPU.ActiveCfg = Release|Any CPU
		{D84314FE-F17E-431B-A665-C42EFF62A913}.Release|Any CPU.Build.0 = Release|Any CPU
		{9AD47744-B476-4036-91BD-7ADD3DE7EFD9}.Debug|Any CPU.ActiveCfg = Debug|Any CPU
		{9AD47744-B476-4036-91BD-7ADD3DE7EFD9}.Debug|Any CPU.Build.0 = Debug|Any CPU
		{9AD47744-B476-4036-91BD-7ADD3DE7EFD9}.Release|Any CPU.ActiveCfg = Release|Any CPU
		{9AD47744-B476-4036-91BD-7ADD3DE7EFD9}.Release|Any CPU.Build.0 = Release|Any CPU
		{3E54C34C-A950-4741-B45E-1C8E5A1F1968}.Debug|Any CPU.ActiveCfg = Debug|Any CPU
		{3E54C34C-A950-4741-B45E-1C8E5A1F1968}.Debug|Any CPU.Build.0 = Debug|Any CPU
		{3E54C34C-A950-4741-B45E-1C8E5A1F1968}.Release|Any CPU.ActiveCfg = Release|Any CPU
		{3E54C34C-A950-4741-B45E-1C8E5A1F1968}.Release|Any CPU.Build.0 = Release|Any CPU
		{737DE645-1D51-4732-B02F-A9E4569B517A}.Debug|Any CPU.ActiveCfg = Debug|Any CPU
		{737DE645-1D51-4732-B02F-A9E4569B517A}.Debug|Any CPU.Build.0 = Debug|Any CPU
		{737DE645-1D51-4732-B02F-A9E4569B517A}.Release|Any CPU.ActiveCfg = Release|Any CPU
		{737DE645-1D51-4732-B02F-A9E4569B517A}.Release|Any CPU.Build.0 = Release|Any CPU
	EndGlobalSection
	GlobalSection(SolutionProperties) = preSolution
		HideSolutionNode = FALSE
	EndGlobalSection
	GlobalSection(ExtensibilityGlobals) = postSolution
		SolutionGuid = {C49A81F6-5243-4EEC-9A92-185EE639A1EC}
	EndGlobalSection
EndGlobal
